// !$*UTF8*$!
{
	archiveVersion = 1;
	classes = {
	};
	objectVersion = 46;
	objects = {

/* Begin PBXBuildFile section */
		EB4939851C70760A001A2791 /* BugReportKit.m in Sources */ = {isa = PBXBuildFile; fileRef = EB4939841C70760A001A2791 /* BugReportKit.m */; };
		EB4939871C707AE2001A2791 /* CocoaLumberjack.framework in Frameworks */ = {isa = PBXBuildFile; fileRef = EB4939861C707AE2001A2791 /* CocoaLumberjack.framework */; };
/* End PBXBuildFile section */

/* Begin PBXFileReference section */
		EB49393D1C705BFE001A2791 /* bug-report-kit-ios.app */ = {isa = PBXFileReference; explicitFileType = wrapper.application; includeInIndex = 0; path = "bug-report-kit-ios.app"; sourceTree = BUILT_PRODUCTS_DIR; };
		EB4939831C70760A001A2791 /* BugReportKit.h */ = {isa = PBXFileReference; fileEncoding = 4; lastKnownFileType = sourcecode.c.h; path = BugReportKit.h; sourceTree = "<group>"; };
		EB4939841C70760A001A2791 /* BugReportKit.m */ = {isa = PBXFileReference; fileEncoding = 4; lastKnownFileType = sourcecode.c.objc; path = BugReportKit.m; sourceTree = "<group>"; };
		EB4939861C707AE2001A2791 /* CocoaLumberjack.framework */ = {isa = PBXFileReference; lastKnownFileType = wrapper.framework; path = CocoaLumberjack.framework; sourceTree = "<group>"; };
/* End PBXFileReference section */

/* Begin PBXFrameworksBuildPhase section */
		EB49393A1C705BFE001A2791 /* Frameworks */ = {
			isa = PBXFrameworksBuildPhase;
			buildActionMask = 2147483647;
			files = (
				EB4939871C707AE2001A2791 /* CocoaLumberjack.framework in Frameworks */,
			);
			runOnlyForDeploymentPostprocessing = 0;
		};
/* End PBXFrameworksBuildPhase section */

/* Begin PBXGroup section */
		EB4939341C705BFE001A2791 = {
			isa = PBXGroup;
			children = (
				EB49393F1C705BFE001A2791 /* bug-report-kit-ios */,
				EB49393E1C705BFE001A2791 /* Products */,
			);
			sourceTree = "<group>";
		};
		EB49393E1C705BFE001A2791 /* Products */ = {
			isa = PBXGroup;
			children = (
				EB49393D1C705BFE001A2791 /* bug-report-kit-ios.app */,
			);
			name = Products;
			sourceTree = "<group>";
		};
		EB49393F1C705BFE001A2791 /* bug-report-kit-ios */ = {
			isa = PBXGroup;
			children = (
				EB4939861C707AE2001A2791 /* CocoaLumberjack.framework */,
				EB4939831C70760A001A2791 /* BugReportKit.h */,
				EB4939841C70760A001A2791 /* BugReportKit.m */,
			);
			path = "bug-report-kit-ios";
			sourceTree = "<group>";
		};
/* End PBXGroup section */

/* Begin PBXNativeTarget section */
		EB49393C1C705BFE001A2791 /* bug-report-kit-ios */ = {
			isa = PBXNativeTarget;
			buildConfigurationList = EB4939541C705BFE001A2791 /* Build configuration list for PBXNativeTarget "bug-report-kit-ios" */;
			buildPhases = (
				EB4939391C705BFE001A2791 /* Sources */,
				EB49393A1C705BFE001A2791 /* Frameworks */,
				EB49393B1C705BFE001A2791 /* Resources */,
			);
			buildRules = (
			);
			dependencies = (
			);
			name = "bug-report-kit-ios";
			productName = "bug-report-kit-ios";
			productReference = EB49393D1C705BFE001A2791 /* bug-report-kit-ios.app */;
			productType = "com.apple.product-type.application";
		};
/* End PBXNativeTarget section */

/* Begin PBXProject section */
		EB4939351C705BFE001A2791 /* Project object */ = {
			isa = PBXProject;
			attributes = {
				LastUpgradeCheck = 0720;
				ORGANIZATIONNAME = "Jens Grud";
				TargetAttributes = {
					EB49393C1C705BFE001A2791 = {
						CreatedOnToolsVersion = 7.2.1;
					};
				};
			};
			buildConfigurationList = EB4939381C705BFE001A2791 /* Build configuration list for PBXProject "bug-report-kit-ios" */;
			compatibilityVersion = "Xcode 3.2";
			developmentRegion = English;
			hasScannedForEncodings = 0;
			knownRegions = (
				en,
				Base,
			);
			mainGroup = EB4939341C705BFE001A2791;
			productRefGroup = EB49393E1C705BFE001A2791 /* Products */;
			projectDirPath = "";
			projectRoot = "";
			targets = (
				EB49393C1C705BFE001A2791 /* bug-report-kit-ios */,
			);
		};
/* End PBXProject section */

/* Begin PBXResourcesBuildPhase section */
		EB49393B1C705BFE001A2791 /* Resources */ = {
			isa = PBXResourcesBuildPhase;
			buildActionMask = 2147483647;
			files = (
			);
			runOnlyForDeploymentPostprocessing = 0;
		};
/* End PBXResourcesBuildPhase section */

/* Begin PBXSourcesBuildPhase section */
		EB4939391C705BFE001A2791 /* Sources */ = {
			isa = PBXSourcesBuildPhase;
			buildActionMask = 2147483647;
			files = (
				EB4939851C70760A001A2791 /* BugReportKit.m in Sources */,
			);
			runOnlyForDeploymentPostprocessing = 0;
		};
/* End PBXSourcesBuildPhase section */

/* Begin XCBuildConfiguration section */
		EB4939521C705BFE001A2791 /* Debug */ = {
			isa = XCBuildConfiguration;
			buildSettings = {
				ALWAYS_SEARCH_USER_PATHS = NO;
				CLANG_CXX_LANGUAGE_STANDARD = "gnu++0x";
				CLANG_CXX_LIBRARY = "libc++";
				CLANG_ENABLE_MODULES = YES;
				CLANG_ENABLE_OBJC_ARC = YES;
				CLANG_WARN_BOOL_CONVERSION = YES;
				CLANG_WARN_CONSTANT_CONVERSION = YES;
				CLANG_WARN_DIRECT_OBJC_ISA_USAGE = YES_ERROR;
				CLANG_WARN_EMPTY_BODY = YES;
				CLANG_WARN_ENUM_CONVERSION = YES;
				CLANG_WARN_INT_CONVERSION = YES;
				CLANG_WARN_OBJC_ROOT_CLASS = YES_ERROR;
				CLANG_WARN_UNREACHABLE_CODE = YES;
				CLANG_WARN__DUPLICATE_METHOD_MATCH = YES;
				"CODE_SIGN_IDENTITY[sdk=iphoneos*]" = "iPhone Developer";
				COPY_PHASE_STRIP = NO;
				DEBUG_INFORMATION_FORMAT = dwarf;
				ENABLE_STRICT_OBJC_MSGSEND = YES;
				ENABLE_TESTABILITY = YES;
				GCC_C_LANGUAGE_STANDARD = gnu99;
				GCC_DYNAMIC_NO_PIC = NO;
				GCC_NO_COMMON_BLOCKS = YES;
				GCC_OPTIMIZATION_LEVEL = 0;
				GCC_PREPROCESSOR_DEFINITIONS = (
					"DEBUG=1",
					"$(inherited)",
				);
				GCC_WARN_64_TO_32_BIT_CONVERSION = YES;
				GCC_WARN_ABOUT_RETURN_TYPE = YES_ERROR;
				GCC_WARN_UNDECLARED_SELECTOR = YES;
				GCC_WARN_UNINITIALIZED_AUTOS = YES_AGGRESSIVE;
				GCC_WARN_UNUSED_FUNCTION = YES;
				GCC_WARN_UNUSED_VARIABLE = YES;
				IPHONEOS_DEPLOYMENT_TARGET = 9.2;
				MTL_ENABLE_DEBUG_INFO = YES;
				ONLY_ACTIVE_ARCH = YES;
				SDKROOT = iphoneos;
			};
			name = Debug;
		};
		EB4939531C705BFE001A2791 /* Release */ = {
			isa = XCBuildConfiguration;
			buildSettings = {
				ALWAYS_SEARCH_USER_PATHS = NO;
				CLANG_CXX_LANGUAGE_STANDARD = "gnu++0x";
				CLANG_CXX_LIBRARY = "libc++";
				CLANG_ENABLE_MODULES = YES;
				CLANG_ENABLE_OBJC_ARC = YES;
				CLANG_WARN_BOOL_CONVERSION = YES;
				CLANG_WARN_CONSTANT_CONVERSION = YES;
				CLANG_WARN_DIRECT_OBJC_ISA_USAGE = YES_ERROR;
				CLANG_WARN_EMPTY_BODY = YES;
				CLANG_WARN_ENUM_CONVERSION = YES;
				CLANG_WARN_INT_CONVERSION = YES;
				CLANG_WARN_OBJC_ROOT_CLASS = YES_ERROR;
				CLANG_WARN_UNREACHABLE_CODE = YES;
				CLANG_WARN__DUPLICATE_METHOD_MATCH = YES;
				"CODE_SIGN_IDENTITY[sdk=iphoneos*]" = "iPhone Developer";
				COPY_PHASE_STRIP = NO;
				DEBUG_INFORMATION_FORMAT = "dwarf-with-dsym";
				ENABLE_NS_ASSERTIONS = NO;
				ENABLE_STRICT_OBJC_MSGSEND = YES;
				GCC_C_LANGUAGE_STANDARD = gnu99;
				GCC_NO_COMMON_BLOCKS = YES;
				GCC_WARN_64_TO_32_BIT_CONVERSION = YES;
				GCC_WARN_ABOUT_RETURN_TYPE = YES_ERROR;
				GCC_WARN_UNDECLARED_SELECTOR = YES;
				GCC_WARN_UNINITIALIZED_AUTOS = YES_AGGRESSIVE;
				GCC_WARN_UNUSED_FUNCTION = YES;
				GCC_WARN_UNUSED_VARIABLE = YES;
				IPHONEOS_DEPLOYMENT_TARGET = 9.2;
				MTL_ENABLE_DEBUG_INFO = NO;
				SDKROOT = iphoneos;
				VALIDATE_PRODUCT = YES;
			};
			name = Release;
		};
		EB4939551C705BFE001A2791 /* Debug */ = {
			isa = XCBuildConfiguration;
			buildSettings = {
				ASSETCATALOG_COMPILER_APPICON_NAME = AppIcon;
				FRAMEWORK_SEARCH_PATHS = (
					"$(inherited)",
					"$(PROJECT_DIR)/bug-report-kit-ios",
				);
				INFOPLIST_FILE = "bug-report-kit-ios/Info.plist";
				IPHONEOS_DEPLOYMENT_TARGET = 7.0;
				LD_RUNPATH_SEARCH_PATHS = "$(inherited) @executable_path/Frameworks";
				PRODUCT_BUNDLE_IDENTIFIER = "com.grud.bug-report-kit-ios";
				PRODUCT_NAME = "$(TARGET_NAME)";
			};
			name = Debug;
		};
		EB4939561C705BFE001A2791 /* Release */ = {
			isa = XCBuildConfiguration;
			buildSettings = {
				ASSETCATALOG_COMPILER_APPICON_NAME = AppIcon;
				FRAMEWORK_SEARCH_PATHS = (
					"$(inherited)",
					"$(PROJECT_DIR)/bug-report-kit-ios",
				);
				INFOPLIST_FILE = "bug-report-kit-ios/Info.plist";
				IPHONEOS_DEPLOYMENT_TARGET = 7.0;
				LD_RUNPATH_SEARCH_PATHS = "$(inherited) @executable_path/Frameworks";
				PRODUCT_BUNDLE_IDENTIFIER = "com.grud.bug-report-kit-ios";
				PRODUCT_NAME = "$(TARGET_NAME)";
			};
			name = Release;
		};
/* End XCBuildConfiguration section */

/* Begin XCConfigurationList section */
		EB4939381C705BFE001A2791 /* Build configuration list for PBXProject "bug-report-kit-ios" */ = {
			isa = XCConfigurationList;
			buildConfigurations = (
				EB4939521C705BFE001A2791 /* Debug */,
				EB4939531C705BFE001A2791 /* Release */,
			);
			defaultConfigurationIsVisible = 0;
			defaultConfigurationName = Release;
		};
		EB4939541C705BFE001A2791 /* Build configuration list for PBXNativeTarget "bug-report-kit-ios" */ = {
			isa = XCConfigurationList;
			buildConfigurations = (
				EB4939551C705BFE001A2791 /* Debug */,
				EB4939561C705BFE001A2791 /* Release */,
			);
			defaultConfigurationIsVisible = 0;
			defaultConfigurationName = Release;
		};
/* End XCConfigurationList section */
	};
	rootObject = EB4939351C705BFE001A2791 /* Project object */;
}
